
Microsoft Visual Studio Solution File, Format Version 12.00
# Visual Studio 15
VisualStudioVersion = 15.0.27703.2035
MinimumVisualStudioVersion = 10.0.40219.1
Project("{9A19103F-16F7-4668-BE54-9A1E7A4F7556}") = "ExpenseTracker.Web", "ExpenseTracker.Web\ExpenseTracker.Web.csproj", "{D591DE86-BA94-4CAA-80D1-F5D4F7060B73}"
EndProject
Project("{9A19103F-16F7-4668-BE54-9A1E7A4F7556}") = "ExpenseTracker.Api", "ExpenseTracker.Api\ExpenseTracker.Api.csproj", "{F396D19E-DE5A-4E76-B356-0AD6D3C4F412}"
EndProject
Project("{9A19103F-16F7-4668-BE54-9A1E7A4F7556}") = "ExpenseTracker.Contracts", "ExpenseTracker.Contracts\ExpenseTracker.Contracts.csproj", "{48505CE6-7C5C-4399-A0D7-0F046B49AADE}"
EndProject
Project("{9A19103F-16F7-4668-BE54-9A1E7A4F7556}") = "ExpenseTracker.DataAccess", "ExpenseTracker.DataAccess\ExpenseTracker.DataAccess.csproj", "{B257A12D-ECE1-4733-91DE-CF9AD44E0D3F}"
EndProject
Project("{FAE04EC0-301F-11D3-BF4B-00C04F79EFBC}") = "ExpenseTracker.IntegrationTest", "ExpenseTracker.IntegrationTest\ExpenseTracker.IntegrationTest.csproj", "{82D21483-7588-4F55-BDFC-89497F0F899C}"
EndProject
Global
	GlobalSection(SolutionConfigurationPlatforms) = preSolution
		Debug|Any CPU = Debug|Any CPU
		Release|Any CPU = Release|Any CPU
	EndGlobalSection
	GlobalSection(ProjectConfigurationPlatforms) = postSolution
		{D591DE86-BA94-4CAA-80D1-F5D4F7060B73}.Debug|Any CPU.ActiveCfg = Debug|Any CPU
		{D591DE86-BA94-4CAA-80D1-F5D4F7060B73}.Debug|Any CPU.Build.0 = Debug|Any CPU
		{D591DE86-BA94-4CAA-80D1-F5D4F7060B73}.Release|Any CPU.ActiveCfg = Release|Any CPU
		{D591DE86-BA94-4CAA-80D1-F5D4F7060B73}.Release|Any CPU.Build.0 = Release|Any CPU
		{F396D19E-DE5A-4E76-B356-0AD6D3C4F412}.Debug|Any CPU.ActiveCfg = Debug|Any CPU
		{F396D19E-DE5A-4E76-B356-0AD6D3C4F412}.Debug|Any CPU.Build.0 = Debug|Any CPU
		{F396D19E-DE5A-4E76-B356-0AD6D3C4F412}.Release|Any CPU.ActiveCfg = Release|Any CPU
		{F396D19E-DE5A-4E76-B356-0AD6D3C4F412}.Release|Any CPU.Build.0 = Release|Any CPU
		{48505CE6-7C5C-4399-A0D7-0F046B49AADE}.Debug|Any CPU.ActiveCfg = Debug|Any CPU
		{48505CE6-7C5C-4399-A0D7-0F046B49AADE}.Debug|Any CPU.Build.0 = Debug|Any CPU
		{48505CE6-7C5C-4399-A0D7-0F046B49AADE}.Release|Any CPU.ActiveCfg = Release|Any CPU
		{48505CE6-7C5C-4399-A0D7-0F046B49AADE}.Release|Any CPU.Build.0 = Release|Any CPU
		{B257A12D-ECE1-4733-91DE-CF9AD44E0D3F}.Debug|Any CPU.ActiveCfg = Debug|Any CPU
		{B257A12D-ECE1-4733-91DE-CF9AD44E0D3F}.Debug|Any CPU.Build.0 = Debug|Any CPU
		{B257A12D-ECE1-4733-91DE-CF9AD44E0D3F}.Release|Any CPU.ActiveCfg = Release|Any CPU
		{B257A12D-ECE1-4733-91DE-CF9AD44E0D3F}.Release|Any CPU.Build.0 = Release|Any CPU
		{82D21483-7588-4F55-BDFC-89497F0F899C}.Debug|Any CPU.ActiveCfg = Debug|Any CPU
		{82D21483-7588-4F55-BDFC-89497F0F899C}.Debug|Any CPU.Build.0 = Debug|Any CPU
		{82D21483-7588-4F55-BDFC-89497F0F899C}.Release|Any CPU.ActiveCfg = Release|Any CPU
		{82D21483-7588-4F55-BDFC-89497F0F899C}.Release|Any CPU.Build.0 = Release|Any CPU
	EndGlobalSection
	GlobalSection(SolutionProperties) = preSolution
		HideSolutionNode = FALSE
	EndGlobalSection
	GlobalSection(ExtensibilityGlobals) = postSolution
		SolutionGuid = {42C4B735-98FB-43CB-8062-6BB1A2C9CE28}
	EndGlobalSection
EndGlobal
